// !$*UTF8*$!
{
	archiveVersion = 1;
	classes = {
	};
	objectVersion = 56;
	objects = {

/* Begin PBXBuildFile section */
		72A953D82BAC5586006F1684 /* LifeProgressApp.swift in Sources */ = {isa = PBXBuildFile; fileRef = 72A953D72BAC5586006F1684 /* LifeProgressApp.swift */; };
		72A953DA2BAC5586006F1684 /* ContentView.swift in Sources */ = {isa = PBXBuildFile; fileRef = 72A953D92BAC5586006F1684 /* ContentView.swift */; };
		72A953DC2BAC5586006F1684 /* Assets.xcassets in Resources */ = {isa = PBXBuildFile; fileRef = 72A953DB2BAC5586006F1684 /* Assets.xcassets */; };
		72A953DF2BAC5586006F1684 /* Preview Assets.xcassets in Resources */ = {isa = PBXBuildFile; fileRef = 72A953DE2BAC5586006F1684 /* Preview Assets.xcassets */; };
		72A953E92BAC5586006F1684 /* LifeProgressTests.swift in Sources */ = {isa = PBXBuildFile; fileRef = 72A953E82BAC5586006F1684 /* LifeProgressTests.swift */; };
		72A953F32BAC5586006F1684 /* LifeProgressUITests.swift in Sources */ = {isa = PBXBuildFile; fileRef = 72A953F22BAC5586006F1684 /* LifeProgressUITests.swift */; };
		72A953F52BAC5586006F1684 /* LifeProgressUITestsLaunchTests.swift in Sources */ = {isa = PBXBuildFile; fileRef = 72A953F42BAC5586006F1684 /* LifeProgressUITestsLaunchTests.swift */; };
		72A954052BAC55E2006F1684 /* FirebaseAnalytics in Frameworks */ = {isa = PBXBuildFile; productRef = 72A954042BAC55E2006F1684 /* FirebaseAnalytics */; };
		72A954072BAC55E2006F1684 /* FirebaseAnalyticsSwift in Frameworks */ = {isa = PBXBuildFile; productRef = 72A954062BAC55E2006F1684 /* FirebaseAnalyticsSwift */; };
		72A954092BAC55E2006F1684 /* FirebaseAppCheck in Frameworks */ = {isa = PBXBuildFile; productRef = 72A954082BAC55E2006F1684 /* FirebaseAppCheck */; };
		72A9540B2BAC55E2006F1684 /* FirebaseAuth in Frameworks */ = {isa = PBXBuildFile; productRef = 72A9540A2BAC55E2006F1684 /* FirebaseAuth */; };
		72A9540D2BAC55E2006F1684 /* FirebaseCrashlytics in Frameworks */ = {isa = PBXBuildFile; productRef = 72A9540C2BAC55E2006F1684 /* FirebaseCrashlytics */; };
		72A9540F2BAC55E2006F1684 /* FirebaseDatabase in Frameworks */ = {isa = PBXBuildFile; productRef = 72A9540E2BAC55E2006F1684 /* FirebaseDatabase */; };
		72A954112BAC55E2006F1684 /* FirebaseFirestore in Frameworks */ = {isa = PBXBuildFile; productRef = 72A954102BAC55E2006F1684 /* FirebaseFirestore */; };
		72A954132BAC55E2006F1684 /* FirebaseFunctions in Frameworks */ = {isa = PBXBuildFile; productRef = 72A954122BAC55E2006F1684 /* FirebaseFunctions */; };
		72A954152BAC55E2006F1684 /* FirebaseInstallations in Frameworks */ = {isa = PBXBuildFile; productRef = 72A954142BAC55E2006F1684 /* FirebaseInstallations */; };
		72A954172BAC55E2006F1684 /* FirebasePerformance in Frameworks */ = {isa = PBXBuildFile; productRef = 72A954162BAC55E2006F1684 /* FirebasePerformance */; };
		72A954192BAC55E2006F1684 /* FirebaseRemoteConfig in Frameworks */ = {isa = PBXBuildFile; productRef = 72A954182BAC55E2006F1684 /* FirebaseRemoteConfig */; };
		72A9541B2BAC55E2006F1684 /* FirebaseStorage in Frameworks */ = {isa = PBXBuildFile; productRef = 72A9541A2BAC55E2006F1684 /* FirebaseStorage */; };
		72A9541D2BAC5B8B006F1684 /* GoogleService-Info.plist in Resources */ = {isa = PBXBuildFile; fileRef = 72A9541C2BAC5B8B006F1684 /* GoogleService-Info.plist */; };
		72CE355C2BC713A50010F1BA /* GeneralUtils.swift in Sources */ = {isa = PBXBuildFile; fileRef = 72CE355B2BC713A50010F1BA /* GeneralUtils.swift */; };
		72FC9A242BBE924500099F84 /* LoginView.swift in Sources */ = {isa = PBXBuildFile; fileRef = 72FC9A232BBE924500099F84 /* LoginView.swift */; };
/* End PBXBuildFile section */

/* Begin PBXContainerItemProxy section */
		72A953E52BAC5586006F1684 /* PBXContainerItemProxy */ = {
			isa = PBXContainerItemProxy;
			containerPortal = 72A953CC2BAC5586006F1684 /* Project object */;
			proxyType = 1;
			remoteGlobalIDString = 72A953D32BAC5586006F1684;
			remoteInfo = LifeProgress;
		};
		72A953EF2BAC5586006F1684 /* PBXContainerItemProxy */ = {
			isa = PBXContainerItemProxy;
			containerPortal = 72A953CC2BAC5586006F1684 /* Project object */;
			proxyType = 1;
			remoteGlobalIDString = 72A953D32BAC5586006F1684;
			remoteInfo = LifeProgress;
		};
/* End PBXContainerItemProxy section */

/* Begin PBXFileReference section */
		72A953D42BAC5586006F1684 /* LifeProgress.app */ = {isa = PBXFileReference; explicitFileType = wrapper.application; includeInIndex = 0; path = LifeProgress.app; sourceTree = BUILT_PRODUCTS_DIR; };
		72A953D72BAC5586006F1684 /* LifeProgressApp.swift */ = {isa = PBXFileReference; lastKnownFileType = sourcecode.swift; path = LifeProgressApp.swift; sourceTree = "<group>"; };
		72A953D92BAC5586006F1684 /* ContentView.swift */ = {isa = PBXFileReference; lastKnownFileType = sourcecode.swift; path = ContentView.swift; sourceTree = "<group>"; };
		72A953DB2BAC5586006F1684 /* Assets.xcassets */ = {isa = PBXFileReference; lastKnownFileType = folder.assetcatalog; path = Assets.xcassets; sourceTree = "<group>"; };
		72A953DE2BAC5586006F1684 /* Preview Assets.xcassets */ = {isa = PBXFileReference; lastKnownFileType = folder.assetcatalog; path = "Preview Assets.xcassets"; sourceTree = "<group>"; };
		72A953E42BAC5586006F1684 /* LifeProgressTests.xctest */ = {isa = PBXFileReference; explicitFileType = wrapper.cfbundle; includeInIndex = 0; path = LifeProgressTests.xctest; sourceTree = BUILT_PRODUCTS_DIR; };
		72A953E82BAC5586006F1684 /* LifeProgressTests.swift */ = {isa = PBXFileReference; lastKnownFileType = sourcecode.swift; path = LifeProgressTests.swift; sourceTree = "<group>"; };
		72A953EE2BAC5586006F1684 /* LifeProgressUITests.xctest */ = {isa = PBXFileReference; explicitFileType = wrapper.cfbundle; includeInIndex = 0; path = LifeProgressUITests.xctest; sourceTree = BUILT_PRODUCTS_DIR; };
		72A953F22BAC5586006F1684 /* LifeProgressUITests.swift */ = {isa = PBXFileReference; lastKnownFileType = sourcecode.swift; path = LifeProgressUITests.swift; sourceTree = "<group>"; };
		72A953F42BAC5586006F1684 /* LifeProgressUITestsLaunchTests.swift */ = {isa = PBXFileReference; lastKnownFileType = sourcecode.swift; path = LifeProgressUITestsLaunchTests.swift; sourceTree = "<group>"; };
		72A9541C2BAC5B8B006F1684 /* GoogleService-Info.plist */ = {isa = PBXFileReference; fileEncoding = 4; lastKnownFileType = text.plist.xml; path = "GoogleService-Info.plist"; sourceTree = "<group>"; };
		72CE355B2BC713A50010F1BA /* GeneralUtils.swift */ = {isa = PBXFileReference; lastKnownFileType = sourcecode.swift; path = GeneralUtils.swift; sourceTree = "<group>"; };
		72FC9A232BBE924500099F84 /* LoginView.swift */ = {isa = PBXFileReference; lastKnownFileType = sourcecode.swift; path = LoginView.swift; sourceTree = "<group>"; };
/* End PBXFileReference section */

/* Begin PBXFrameworksBuildPhase section */
		72A953D12BAC5586006F1684 /* Frameworks */ = {
			isa = PBXFrameworksBuildPhase;
			buildActionMask = 2147483647;
			files = (
				72A954192BAC55E2006F1684 /* FirebaseRemoteConfig in Frameworks */,
				72A9540F2BAC55E2006F1684 /* FirebaseDatabase in Frameworks */,
				72A954072BAC55E2006F1684 /* FirebaseAnalyticsSwift in Frameworks */,
				72A954172BAC55E2006F1684 /* FirebasePerformance in Frameworks */,
				72A954092BAC55E2006F1684 /* FirebaseAppCheck in Frameworks */,
				72A9541B2BAC55E2006F1684 /* FirebaseStorage in Frameworks */,
				72A954152BAC55E2006F1684 /* FirebaseInstallations in Frameworks */,
				72A954132BAC55E2006F1684 /* FirebaseFunctions in Frameworks */,
				72A9540D2BAC55E2006F1684 /* FirebaseCrashlytics in Frameworks */,
				72A954052BAC55E2006F1684 /* FirebaseAnalytics in Frameworks */,
				72A9540B2BAC55E2006F1684 /* FirebaseAuth in Frameworks */,
				72A954112BAC55E2006F1684 /* FirebaseFirestore in Frameworks */,
			);
			runOnlyForDeploymentPostprocessing = 0;
		};
		72A953E12BAC5586006F1684 /* Frameworks */ = {
			isa = PBXFrameworksBuildPhase;
			buildActionMask = 2147483647;
			files = (
			);
			runOnlyForDeploymentPostprocessing = 0;
		};
		72A953EB2BAC5586006F1684 /* Frameworks */ = {
			isa = PBXFrameworksBuildPhase;
			buildActionMask = 2147483647;
			files = (
			);
			runOnlyForDeploymentPostprocessing = 0;
		};
/* End PBXFrameworksBuildPhase section */

/* Begin PBXGroup section */
		72A953CB2BAC5586006F1684 = {
			isa = PBXGroup;
			children = (
				72A953D62BAC5586006F1684 /* LifeProgress */,
				72A953E72BAC5586006F1684 /* LifeProgressTests */,
				72A953F12BAC5586006F1684 /* LifeProgressUITests */,
				72A953D52BAC5586006F1684 /* Products */,
			);
			sourceTree = "<group>";
		};
		72A953D52BAC5586006F1684 /* Products */ = {
			isa = PBXGroup;
			children = (
				72A953D42BAC5586006F1684 /* LifeProgress.app */,
				72A953E42BAC5586006F1684 /* LifeProgressTests.xctest */,
				72A953EE2BAC5586006F1684 /* LifeProgressUITests.xctest */,
			);
			name = Products;
			sourceTree = "<group>";
		};
		72A953D62BAC5586006F1684 /* LifeProgress */ = {
			isa = PBXGroup;
			children = (
				72CE355A2BC713920010F1BA /* Utils */,
				72A953D72BAC5586006F1684 /* LifeProgressApp.swift */,
				72A953D92BAC5586006F1684 /* ContentView.swift */,
				72FC9A252BBE93A500099F84 /* Login */,
				72A953DB2BAC5586006F1684 /* Assets.xcassets */,
				72A9541C2BAC5B8B006F1684 /* GoogleService-Info.plist */,
				72A953DD2BAC5586006F1684 /* Preview Content */,
			);
			path = LifeProgress;
			sourceTree = "<group>";
		};
		72A953DD2BAC5586006F1684 /* Preview Content */ = {
			isa = PBXGroup;
			children = (
				72A953DE2BAC5586006F1684 /* Preview Assets.xcassets */,
			);
			path = "Preview Content";
			sourceTree = "<group>";
		};
		72A953E72BAC5586006F1684 /* LifeProgressTests */ = {
			isa = PBXGroup;
			children = (
				72A953E82BAC5586006F1684 /* LifeProgressTests.swift */,
			);
			path = LifeProgressTests;
			sourceTree = "<group>";
		};
		72A953F12BAC5586006F1684 /* LifeProgressUITests */ = {
			isa = PBXGroup;
			children = (
				72A953F22BAC5586006F1684 /* LifeProgressUITests.swift */,
				72A953F42BAC5586006F1684 /* LifeProgressUITestsLaunchTests.swift */,
			);
			path = LifeProgressUITests;
			sourceTree = "<group>";
		};
		72CE355A2BC713920010F1BA /* Utils */ = {
			isa = PBXGroup;
			children = (
				72CE355B2BC713A50010F1BA /* GeneralUtils.swift */,
			);
			path = Utils;
			sourceTree = "<group>";
		};
		72FC9A252BBE93A500099F84 /* Login */ = {
			isa = PBXGroup;
			children = (
				72FC9A282BBE93E300099F84 /* Actions */,
				72FC9A272BBE93B800099F84 /* Models */,
				72FC9A292BBE93F100099F84 /* Screens */,
				72FC9A262BBE93AE00099F84 /* Views */,
				72FC9A2A2BBE93FF00099F84 /* ViewModels */,
			);
			path = Login;
			sourceTree = "<group>";
		};
		72FC9A262BBE93AE00099F84 /* Views */ = {
			isa = PBXGroup;
			children = (
				72FC9A232BBE924500099F84 /* LoginView.swift */,
			);
			path = Views;
			sourceTree = "<group>";
		};
		72FC9A272BBE93B800099F84 /* Models */ = {
			isa = PBXGroup;
			children = (
			);
			path = Models;
			sourceTree = "<group>";
		};
		72FC9A282BBE93E300099F84 /* Actions */ = {
			isa = PBXGroup;
			children = (
			);
			path = Actions;
			sourceTree = "<group>";
		};
		72FC9A292BBE93F100099F84 /* Screens */ = {
			isa = PBXGroup;
			children = (
			);
			path = Screens;
			sourceTree = "<group>";
		};
		72FC9A2A2BBE93FF00099F84 /* ViewModels */ = {
			isa = PBXGroup;
			children = (
			);
			path = ViewModels;
			sourceTree = "<group>";
		};
/* End PBXGroup section */

/* Begin PBXNativeTarget section */
		72A953D32BAC5586006F1684 /* LifeProgress */ = {
			isa = PBXNativeTarget;
			buildConfigurationList = 72A953F82BAC5586006F1684 /* Build configuration list for PBXNativeTarget "LifeProgress" */;
			buildPhases = (
				72A953D02BAC5586006F1684 /* Sources */,
				72A953D12BAC5586006F1684 /* Frameworks */,
				72A953D22BAC5586006F1684 /* Resources */,
			);
			buildRules = (
			);
			dependencies = (
			);
			name = LifeProgress;
			packageProductDependencies = (
				72A954042BAC55E2006F1684 /* FirebaseAnalytics */,
				72A954062BAC55E2006F1684 /* FirebaseAnalyticsSwift */,
				72A954082BAC55E2006F1684 /* FirebaseAppCheck */,
				72A9540A2BAC55E2006F1684 /* FirebaseAuth */,
				72A9540C2BAC55E2006F1684 /* FirebaseCrashlytics */,
				72A9540E2BAC55E2006F1684 /* FirebaseDatabase */,
				72A954102BAC55E2006F1684 /* FirebaseFirestore */,
				72A954122BAC55E2006F1684 /* FirebaseFunctions */,
				72A954142BAC55E2006F1684 /* FirebaseInstallations */,
				72A954162BAC55E2006F1684 /* FirebasePerformance */,
				72A954182BAC55E2006F1684 /* FirebaseRemoteConfig */,
				72A9541A2BAC55E2006F1684 /* FirebaseStorage */,
			);
			productName = LifeProgress;
			productReference = 72A953D42BAC5586006F1684 /* LifeProgress.app */;
			productType = "com.apple.product-type.application";
		};
		72A953E32BAC5586006F1684 /* LifeProgressTests */ = {
			isa = PBXNativeTarget;
			buildConfigurationList = 72A953FB2BAC5586006F1684 /* Build configuration list for PBXNativeTarget "LifeProgressTests" */;
			buildPhases = (
				72A953E02BAC5586006F1684 /* Sources */,
				72A953E12BAC5586006F1684 /* Frameworks */,
				72A953E22BAC5586006F1684 /* Resources */,
			);
			buildRules = (
			);
			dependencies = (
				72A953E62BAC5586006F1684 /* PBXTargetDependency */,
			);
			name = LifeProgressTests;
			productName = LifeProgressTests;
			productReference = 72A953E42BAC5586006F1684 /* LifeProgressTests.xctest */;
			productType = "com.apple.product-type.bundle.unit-test";
		};
		72A953ED2BAC5586006F1684 /* LifeProgressUITests */ = {
			isa = PBXNativeTarget;
			buildConfigurationList = 72A953FE2BAC5586006F1684 /* Build configuration list for PBXNativeTarget "LifeProgressUITests" */;
			buildPhases = (
				72A953EA2BAC5586006F1684 /* Sources */,
				72A953EB2BAC5586006F1684 /* Frameworks */,
				72A953EC2BAC5586006F1684 /* Resources */,
			);
			buildRules = (
			);
			dependencies = (
				72A953F02BAC5586006F1684 /* PBXTargetDependency */,
			);
			name = LifeProgressUITests;
			productName = LifeProgressUITests;
			productReference = 72A953EE2BAC5586006F1684 /* LifeProgressUITests.xctest */;
			productType = "com.apple.product-type.bundle.ui-testing";
		};
/* End PBXNativeTarget section */

/* Begin PBXProject section */
		72A953CC2BAC5586006F1684 /* Project object */ = {
			isa = PBXProject;
			attributes = {
				BuildIndependentTargetsInParallel = 1;
				LastSwiftUpdateCheck = 1530;
				LastUpgradeCheck = 1530;
				TargetAttributes = {
					72A953D32BAC5586006F1684 = {
						CreatedOnToolsVersion = 15.3;
					};
					72A953E32BAC5586006F1684 = {
						CreatedOnToolsVersion = 15.3;
						TestTargetID = 72A953D32BAC5586006F1684;
					};
					72A953ED2BAC5586006F1684 = {
						CreatedOnToolsVersion = 15.3;
						TestTargetID = 72A953D32BAC5586006F1684;
					};
				};
			};
			buildConfigurationList = 72A953CF2BAC5586006F1684 /* Build configuration list for PBXProject "LifeProgress" */;
			compatibilityVersion = "Xcode 14.0";
			developmentRegion = en;
			hasScannedForEncodings = 0;
			knownRegions = (
				en,
				Base,
			);
			mainGroup = 72A953CB2BAC5586006F1684;
			packageReferences = (
				72A954032BAC55E2006F1684 /* XCRemoteSwiftPackageReference "firebase-ios-sdk" */,
			);
			productRefGroup = 72A953D52BAC5586006F1684 /* Products */;
			projectDirPath = "";
			projectRoot = "";
			targets = (
				72A953D32BAC5586006F1684 /* LifeProgress */,
				72A953E32BAC5586006F1684 /* LifeProgressTests */,
				72A953ED2BAC5586006F1684 /* LifeProgressUITests */,
			);
		};
/* End PBXProject section */

/* Begin PBXResourcesBuildPhase section */
		72A953D22BAC5586006F1684 /* Resources */ = {
			isa = PBXResourcesBuildPhase;
			buildActionMask = 2147483647;
			files = (
				72A9541D2BAC5B8B006F1684 /* GoogleService-Info.plist in Resources */,
				72A953DF2BAC5586006F1684 /* Preview Assets.xcassets in Resources */,
				72A953DC2BAC5586006F1684 /* Assets.xcassets in Resources */,
			);
			runOnlyForDeploymentPostprocessing = 0;
		};
		72A953E22BAC5586006F1684 /* Resources */ = {
			isa = PBXResourcesBuildPhase;
			buildActionMask = 2147483647;
			files = (
			);
			runOnlyForDeploymentPostprocessing = 0;
		};
		72A953EC2BAC5586006F1684 /* Resources */ = {
			isa = PBXResourcesBuildPhase;
			buildActionMask = 2147483647;
			files = (
			);
			runOnlyForDeploymentPostprocessing = 0;
		};
/* End PBXResourcesBuildPhase section */

/* Begin PBXSourcesBuildPhase section */
		72A953D02BAC5586006F1684 /* Sources */ = {
			isa = PBXSourcesBuildPhase;
			buildActionMask = 2147483647;
			files = (
				72CE355C2BC713A50010F1BA /* GeneralUtils.swift in Sources */,
				72A953DA2BAC5586006F1684 /* ContentView.swift in Sources */,
				72A953D82BAC5586006F1684 /* LifeProgressApp.swift in Sources */,
				72FC9A242BBE924500099F84 /* LoginView.swift in Sources */,
			);
			runOnlyForDeploymentPostprocessing = 0;
		};
		72A953E02BAC5586006F1684 /* Sources */ = {
			isa = PBXSourcesBuildPhase;
			buildActionMask = 2147483647;
			files = (
				72A953E92BAC5586006F1684 /* LifeProgressTests.swift in Sources */,
			);
			runOnlyForDeploymentPostprocessing = 0;
		};
		72A953EA2BAC5586006F1684 /* Sources */ = {
			isa = PBXSourcesBuildPhase;
			buildActionMask = 2147483647;
			files = (
				72A953F32BAC5586006F1684 /* LifeProgressUITests.swift in Sources */,
				72A953F52BAC5586006F1684 /* LifeProgressUITestsLaunchTests.swift in Sources */,
			);
			runOnlyForDeploymentPostprocessing = 0;
		};
/* End PBXSourcesBuildPhase section */

/* Begin PBXTargetDependency section */
		72A953E62BAC5586006F1684 /* PBXTargetDependency */ = {
			isa = PBXTargetDependency;
			target = 72A953D32BAC5586006F1684 /* LifeProgress */;
			targetProxy = 72A953E52BAC5586006F1684 /* PBXContainerItemProxy */;
		};
		72A953F02BAC5586006F1684 /* PBXTargetDependency */ = {
			isa = PBXTargetDependency;
			target = 72A953D32BAC5586006F1684 /* LifeProgress */;
			targetProxy = 72A953EF2BAC5586006F1684 /* PBXContainerItemProxy */;
		};
/* End PBXTargetDependency section */

/* Begin XCBuildConfiguration section */
		72A953F62BAC5586006F1684 /* Debug */ = {
			isa = XCBuildConfiguration;
			buildSettings = {
				ALWAYS_SEARCH_USER_PATHS = NO;
				ASSETCATALOG_COMPILER_GENERATE_SWIFT_ASSET_SYMBOL_EXTENSIONS = YES;
				CLANG_ANALYZER_NONNULL = YES;
				CLANG_ANALYZER_NUMBER_OBJECT_CONVERSION = YES_AGGRESSIVE;
				CLANG_CXX_LANGUAGE_STANDARD = "gnu++20";
				CLANG_ENABLE_MODULES = YES;
				CLANG_ENABLE_OBJC_ARC = YES;
				CLANG_ENABLE_OBJC_WEAK = YES;
				CLANG_WARN_BLOCK_CAPTURE_AUTORELEASING = YES;
				CLANG_WARN_BOOL_CONVERSION = YES;
				CLANG_WARN_COMMA = YES;
				CLANG_WARN_CONSTANT_CONVERSION = YES;
				CLANG_WARN_DEPRECATED_OBJC_IMPLEMENTATIONS = YES;
				CLANG_WARN_DIRECT_OBJC_ISA_USAGE = YES_ERROR;
				CLANG_WARN_DOCUMENTATION_COMMENTS = YES;
				CLANG_WARN_EMPTY_BODY = YES;
				CLANG_WARN_ENUM_CONVERSION = YES;
				CLANG_WARN_INFINITE_RECURSION = YES;
				CLANG_WARN_INT_CONVERSION = YES;
				CLANG_WARN_NON_LITERAL_NULL_CONVERSION = YES;
				CLANG_WARN_OBJC_IMPLICIT_RETAIN_SELF = YES;
				CLANG_WARN_OBJC_LITERAL_CONVERSION = YES;
				CLANG_WARN_OBJC_ROOT_CLASS = YES_ERROR;
				CLANG_WARN_QUOTED_INCLUDE_IN_FRAMEWORK_HEADER = YES;
				CLANG_WARN_RANGE_LOOP_ANALYSIS = YES;
				CLANG_WARN_STRICT_PROTOTYPES = YES;
				CLANG_WARN_SUSPICIOUS_MOVE = YES;
				CLANG_WARN_UNGUARDED_AVAILABILITY = YES_AGGRESSIVE;
				CLANG_WARN_UNREACHABLE_CODE = YES;
				CLANG_WARN__DUPLICATE_METHOD_MATCH = YES;
				COPY_PHASE_STRIP = NO;
				DEBUG_INFORMATION_FORMAT = dwarf;
				ENABLE_STRICT_OBJC_MSGSEND = YES;
				ENABLE_TESTABILITY = YES;
				ENABLE_USER_SCRIPT_SANDBOXING = YES;
				GCC_C_LANGUAGE_STANDARD = gnu17;
				GCC_DYNAMIC_NO_PIC = NO;
				GCC_NO_COMMON_BLOCKS = YES;
				GCC_OPTIMIZATION_LEVEL = 0;
				GCC_PREPROCESSOR_DEFINITIONS = (
					"DEBUG=1",
					"$(inherited)",
				);
				GCC_WARN_64_TO_32_BIT_CONVERSION = YES;
				GCC_WARN_ABOUT_RETURN_TYPE = YES_ERROR;
				GCC_WARN_UNDECLARED_SELECTOR = YES;
				GCC_WARN_UNINITIALIZED_AUTOS = YES_AGGRESSIVE;
				GCC_WARN_UNUSED_FUNCTION = YES;
				GCC_WARN_UNUSED_VARIABLE = YES;
				IPHONEOS_DEPLOYMENT_TARGET = 17.4;
				LOCALIZATION_PREFERS_STRING_CATALOGS = YES;
				MTL_ENABLE_DEBUG_INFO = INCLUDE_SOURCE;
				MTL_FAST_MATH = YES;
				ONLY_ACTIVE_ARCH = YES;
				SDKROOT = iphoneos;
				SWIFT_ACTIVE_COMPILATION_CONDITIONS = "DEBUG $(inherited)";
				SWIFT_OPTIMIZATION_LEVEL = "-Onone";
			};
			name = Debug;
		};
		72A953F72BAC5586006F1684 /* Release */ = {
			isa = XCBuildConfiguration;
			buildSettings = {
				ALWAYS_SEARCH_USER_PATHS = NO;
				ASSETCATALOG_COMPILER_GENERATE_SWIFT_ASSET_SYMBOL_EXTENSIONS = YES;
				CLANG_ANALYZER_NONNULL = YES;
				CLANG_ANALYZER_NUMBER_OBJECT_CONVERSION = YES_AGGRESSIVE;
				CLANG_CXX_LANGUAGE_STANDARD = "gnu++20";
				CLANG_ENABLE_MODULES = YES;
				CLANG_ENABLE_OBJC_ARC = YES;
				CLANG_ENABLE_OBJC_WEAK = YES;
				CLANG_WARN_BLOCK_CAPTURE_AUTORELEASING = YES;
				CLANG_WARN_BOOL_CONVERSION = YES;
				CLANG_WARN_COMMA = YES;
				CLANG_WARN_CONSTANT_CONVERSION = YES;
				CLANG_WARN_DEPRECATED_OBJC_IMPLEMENTATIONS = YES;
				CLANG_WARN_DIRECT_OBJC_ISA_USAGE = YES_ERROR;
				CLANG_WARN_DOCUMENTATION_COMMENTS = YES;
				CLANG_WARN_EMPTY_BODY = YES;
				CLANG_WARN_ENUM_CONVERSION = YES;
				CLANG_WARN_INFINITE_RECURSION = YES;
				CLANG_WARN_INT_CONVERSION = YES;
				CLANG_WARN_NON_LITERAL_NULL_CONVERSION = YES;
				CLANG_WARN_OBJC_IMPLICIT_RETAIN_SELF = YES;
				CLANG_WARN_OBJC_LITERAL_CONVERSION = YES;
				CLANG_WARN_OBJC_ROOT_CLASS = YES_ERROR;
				CLANG_WARN_QUOTED_INCLUDE_IN_FRAMEWORK_HEADER = YES;
				CLANG_WARN_RANGE_LOOP_ANALYSIS = YES;
				CLANG_WARN_STRICT_PROTOTYPES = YES;
				CLANG_WARN_SUSPICIOUS_MOVE = YES;
				CLANG_WARN_UNGUARDED_AVAILABILITY = YES_AGGRESSIVE;
				CLANG_WARN_UNREACHABLE_CODE = YES;
				CLANG_WARN__DUPLICATE_METHOD_MATCH = YES;
				COPY_PHASE_STRIP = NO;
				DEBUG_INFORMATION_FORMAT = "dwarf-with-dsym";
				ENABLE_NS_ASSERTIONS = NO;
				ENABLE_STRICT_OBJC_MSGSEND = YES;
				ENABLE_USER_SCRIPT_SANDBOXING = YES;
				GCC_C_LANGUAGE_STANDARD = gnu17;
				GCC_NO_COMMON_BLOCKS = YES;
				GCC_WARN_64_TO_32_BIT_CONVERSION = YES;
				GCC_WARN_ABOUT_RETURN_TYPE = YES_ERROR;
				GCC_WARN_UNDECLARED_SELECTOR = YES;
				GCC_WARN_UNINITIALIZED_AUTOS = YES_AGGRESSIVE;
				GCC_WARN_UNUSED_FUNCTION = YES;
				GCC_WARN_UNUSED_VARIABLE = YES;
				IPHONEOS_DEPLOYMENT_TARGET = 17.4;
				LOCALIZATION_PREFERS_STRING_CATALOGS = YES;
				MTL_ENABLE_DEBUG_INFO = NO;
				MTL_FAST_MATH = YES;
				SDKROOT = iphoneos;
				SWIFT_COMPILATION_MODE = wholemodule;
				VALIDATE_PRODUCT = YES;
			};
			name = Release;
		};
		72A953F92BAC5586006F1684 /* Debug */ = {
			isa = XCBuildConfiguration;
			buildSettings = {
				ASSETCATALOG_COMPILER_APPICON_NAME = AppIcon;
				ASSETCATALOG_COMPILER_GLOBAL_ACCENT_COLOR_NAME = AccentColor;
				CODE_SIGN_STYLE = Automatic;
				CURRENT_PROJECT_VERSION = 1;
				DEVELOPMENT_ASSET_PATHS = "\"LifeProgress/Preview Content\"";
				DEVELOPMENT_TEAM = 95BRSMF46B;
				ENABLE_PREVIEWS = YES;
				GENERATE_INFOPLIST_FILE = YES;
				INFOPLIST_KEY_LSApplicationCategoryType = "public.app-category.lifestyle";
				INFOPLIST_KEY_UIApplicationSceneManifest_Generation = YES;
				INFOPLIST_KEY_UIApplicationSupportsIndirectInputEvents = YES;
				INFOPLIST_KEY_UILaunchScreen_Generation = YES;
				INFOPLIST_KEY_UISupportedInterfaceOrientations_iPad = "UIInterfaceOrientationPortrait UIInterfaceOrientationPortraitUpsideDown UIInterfaceOrientationLandscapeLeft UIInterfaceOrientationLandscapeRight";
				INFOPLIST_KEY_UISupportedInterfaceOrientations_iPhone = "UIInterfaceOrientationPortrait UIInterfaceOrientationLandscapeLeft UIInterfaceOrientationLandscapeRight";
				LD_RUNPATH_SEARCH_PATHS = (
					"$(inherited)",
					"@executable_path/Frameworks",
				);
				MARKETING_VERSION = 1.0;
				PRODUCT_BUNDLE_IDENTIFIER = com.CristianMusto.LifeProgress;
				PRODUCT_NAME = "$(TARGET_NAME)";
				SWIFT_EMIT_LOC_STRINGS = YES;
				SWIFT_VERSION = 5.0;
				TARGETED_DEVICE_FAMILY = "1,2";
			};
			name = Debug;
		};
		72A953FA2BAC5586006F1684 /* Release */ = {
			isa = XCBuildConfiguration;
			buildSettings = {
				ASSETCATALOG_COMPILER_APPICON_NAME = AppIcon;
				ASSETCATALOG_COMPILER_GLOBAL_ACCENT_COLOR_NAME = AccentColor;
				CODE_SIGN_STYLE = Automatic;
				CURRENT_PROJECT_VERSION = 1;
				DEVELOPMENT_ASSET_PATHS = "\"LifeProgress/Preview Content\"";
				DEVELOPMENT_TEAM = 95BRSMF46B;
				ENABLE_PREVIEWS = YES;
				GENERATE_INFOPLIST_FILE = YES;
				INFOPLIST_KEY_LSApplicationCategoryType = "public.app-category.lifestyle";
				INFOPLIST_KEY_UIApplicationSceneManifest_Generation = YES;
				INFOPLIST_KEY_UIApplicationSupportsIndirectInputEvents = YES;
				INFOPLIST_KEY_UILaunchScreen_Generation = YES;
				INFOPLIST_KEY_UISupportedInterfaceOrientations_iPad = "UIInterfaceOrientationPortrait UIInterfaceOrientationPortraitUpsideDown UIInterfaceOrientationLandscapeLeft UIInterfaceOrientationLandscapeRight";
				INFOPLIST_KEY_UISupportedInterfaceOrientations_iPhone = "UIInterfaceOrientationPortrait UIInterfaceOrientationLandscapeLeft UIInterfaceOrientationLandscapeRight";
				LD_RUNPATH_SEARCH_PATHS = (
					"$(inherited)",
					"@executable_path/Frameworks",
				);
				MARKETING_VERSION = 1.0;
				PRODUCT_BUNDLE_IDENTIFIER = com.CristianMusto.LifeProgress;
				PRODUCT_NAME = "$(TARGET_NAME)";
				SWIFT_EMIT_LOC_STRINGS = YES;
				SWIFT_VERSION = 5.0;
				TARGETED_DEVICE_FAMILY = "1,2";
			};
			name = Release;
		};
		72A953FC2BAC5586006F1684 /* Debug */ = {
			isa = XCBuildConfiguration;
			buildSettings = {
				ALWAYS_EMBED_SWIFT_STANDARD_LIBRARIES = YES;
				BUNDLE_LOADER = "$(TEST_HOST)";
				CODE_SIGN_STYLE = Automatic;
				CURRENT_PROJECT_VERSION = 1;
				DEVELOPMENT_TEAM = 95BRSMF46B;
				GENERATE_INFOPLIST_FILE = YES;
				IPHONEOS_DEPLOYMENT_TARGET = 17.4;
				MARKETING_VERSION = 1.0;
				PRODUCT_BUNDLE_IDENTIFIER = com.CristianMusto.LifeProgressTests;
				PRODUCT_NAME = "$(TARGET_NAME)";
				SWIFT_EMIT_LOC_STRINGS = NO;
				SWIFT_VERSION = 5.0;
				TARGETED_DEVICE_FAMILY = "1,2";
				TEST_HOST = "$(BUILT_PRODUCTS_DIR)/LifeProgress.app/$(BUNDLE_EXECUTABLE_FOLDER_PATH)/LifeProgress";
			};
			name = Debug;
		};
		72A953FD2BAC5586006F1684 /* Release */ = {
			isa = XCBuildConfiguration;
			buildSettings = {
				ALWAYS_EMBED_SWIFT_STANDARD_LIBRARIES = YES;
				BUNDLE_LOADER = "$(TEST_HOST)";
				CODE_SIGN_STYLE = Automatic;
				CURRENT_PROJECT_VERSION = 1;
				DEVELOPMENT_TEAM = 95BRSMF46B;
				GENERATE_INFOPLIST_FILE = YES;
				IPHONEOS_DEPLOYMENT_TARGET = 17.4;
				MARKETING_VERSION = 1.0;
				PRODUCT_BUNDLE_IDENTIFIER = com.CristianMusto.LifeProgressTests;
				PRODUCT_NAME = "$(TARGET_NAME)";
				SWIFT_EMIT_LOC_STRINGS = NO;
				SWIFT_VERSION = 5.0;
				TARGETED_DEVICE_FAMILY = "1,2";
				TEST_HOST = "$(BUILT_PRODUCTS_DIR)/LifeProgress.app/$(BUNDLE_EXECUTABLE_FOLDER_PATH)/LifeProgress";
			};
			name = Release;
		};
		72A953FF2BAC5586006F1684 /* Debug */ = {
			isa = XCBuildConfiguration;
			buildSettings = {
				ALWAYS_EMBED_SWIFT_STANDARD_LIBRARIES = YES;
				CODE_SIGN_STYLE = Automatic;
				CURRENT_PROJECT_VERSION = 1;
				DEVELOPMENT_TEAM = 95BRSMF46B;
				GENERATE_INFOPLIST_FILE = YES;
				MARKETING_VERSION = 1.0;
				PRODUCT_BUNDLE_IDENTIFIER = com.CristianMusto.LifeProgressUITests;
				PRODUCT_NAME = "$(TARGET_NAME)";
				SWIFT_EMIT_LOC_STRINGS = NO;
				SWIFT_VERSION = 5.0;
				TARGETED_DEVICE_FAMILY = "1,2";
				TEST_TARGET_NAME = LifeProgress;
			};
			name = Debug;
		};
		72A954002BAC5586006F1684 /* Release */ = {
			isa = XCBuildConfiguration;
			buildSettings = {
				ALWAYS_EMBED_SWIFT_STANDARD_LIBRARIES = YES;
				CODE_SIGN_STYLE = Automatic;
				CURRENT_PROJECT_VERSION = 1;
				DEVELOPMENT_TEAM = 95BRSMF46B;
				GENERATE_INFOPLIST_FILE = YES;
				MARKETING_VERSION = 1.0;
				PRODUCT_BUNDLE_IDENTIFIER = com.CristianMusto.LifeProgressUITests;
				PRODUCT_NAME = "$(TARGET_NAME)";
				SWIFT_EMIT_LOC_STRINGS = NO;
				SWIFT_VERSION = 5.0;
				TARGETED_DEVICE_FAMILY = "1,2";
				TEST_TARGET_NAME = LifeProgress;
			};
			name = Release;
		};
/* End XCBuildConfiguration section */

/* Begin XCConfigurationList section */
		72A953CF2BAC5586006F1684 /* Build configuration list for PBXProject "LifeProgress" */ = {
			isa = XCConfigurationList;
			buildConfigurations = (
				72A953F62BAC5586006F1684 /* Debug */,
				72A953F72BAC5586006F1684 /* Release */,
			);
			defaultConfigurationIsVisible = 0;
			defaultConfigurationName = Release;
		};
		72A953F82BAC5586006F1684 /* Build configuration list for PBXNativeTarget "LifeProgress" */ = {
			isa = XCConfigurationList;
			buildConfigurations = (
				72A953F92BAC5586006F1684 /* Debug */,
				72A953FA2BAC5586006F1684 /* Release */,
			);
			defaultConfigurationIsVisible = 0;
			defaultConfigurationName = Release;
		};
		72A953FB2BAC5586006F1684 /* Build configuration list for PBXNativeTarget "LifeProgressTests" */ = {
			isa = XCConfigurationList;
			buildConfigurations = (
				72A953FC2BAC5586006F1684 /* Debug */,
				72A953FD2BAC5586006F1684 /* Release */,
			);
			defaultConfigurationIsVisible = 0;
			defaultConfigurationName = Release;
		};
		72A953FE2BAC5586006F1684 /* Build configuration list for PBXNativeTarget "LifeProgressUITests" */ = {
			isa = XCConfigurationList;
			buildConfigurations = (
				72A953FF2BAC5586006F1684 /* Debug */,
				72A954002BAC5586006F1684 /* Release */,
			);
			defaultConfigurationIsVisible = 0;
			defaultConfigurationName = Release;
		};
/* End XCConfigurationList section */

/* Begin XCRemoteSwiftPackageReference section */
		72A954032BAC55E2006F1684 /* XCRemoteSwiftPackageReference "firebase-ios-sdk" */ = {
			isa = XCRemoteSwiftPackageReference;
			repositoryURL = "https://github.com/firebase/firebase-ios-sdk";
			requirement = {
				kind = upToNextMajorVersion;
				minimumVersion = 10.23.0;
			};
		};
/* End XCRemoteSwiftPackageReference section */

/* Begin XCSwiftPackageProductDependency section */
		72A954042BAC55E2006F1684 /* FirebaseAnalytics */ = {
			isa = XCSwiftPackageProductDependency;
			package = 72A954032BAC55E2006F1684 /* XCRemoteSwiftPackageReference "firebase-ios-sdk" */;
			productName = FirebaseAnalytics;
		};
		72A954062BAC55E2006F1684 /* FirebaseAnalyticsSwift */ = {
			isa = XCSwiftPackageProductDependency;
			package = 72A954032BAC55E2006F1684 /* XCRemoteSwiftPackageReference "firebase-ios-sdk" */;
			productName = FirebaseAnalyticsSwift;
		};
		72A954082BAC55E2006F1684 /* FirebaseAppCheck */ = {
			isa = XCSwiftPackageProductDependency;
			package = 72A954032BAC55E2006F1684 /* XCRemoteSwiftPackageReference "firebase-ios-sdk" */;
			productName = FirebaseAppCheck;
		};
		72A9540A2BAC55E2006F1684 /* FirebaseAuth */ = {
			isa = XCSwiftPackageProductDependency;
			package = 72A954032BAC55E2006F1684 /* XCRemoteSwiftPackageReference "firebase-ios-sdk" */;
			productName = FirebaseAuth;
		};
		72A9540C2BAC55E2006F1684 /* FirebaseCrashlytics */ = {
			isa = XCSwiftPackageProductDependency;
			package = 72A954032BAC55E2006F1684 /* XCRemoteSwiftPackageReference "firebase-ios-sdk" */;
			productName = FirebaseCrashlytics;
		};
		72A9540E2BAC55E2006F1684 /* FirebaseDatabase */ = {
			isa = XCSwiftPackageProductDependency;
			package = 72A954032BAC55E2006F1684 /* XCRemoteSwiftPackageReference "firebase-ios-sdk" */;
			productName = FirebaseDatabase;
		};
		72A954102BAC55E2006F1684 /* FirebaseFirestore */ = {
			isa = XCSwiftPackageProductDependency;
			package = 72A954032BAC55E2006F1684 /* XCRemoteSwiftPackageReference "firebase-ios-sdk" */;
			productName = FirebaseFirestore;
		};
		72A954122BAC55E2006F1684 /* FirebaseFunctions */ = {
			isa = XCSwiftPackageProductDependency;
			package = 72A954032BAC55E2006F1684 /* XCRemoteSwiftPackageReference "firebase-ios-sdk" */;
			productName = FirebaseFunctions;
		};
		72A954142BAC55E2006F1684 /* FirebaseInstallations */ = {
			isa = XCSwiftPackageProductDependency;
			package = 72A954032BAC55E2006F1684 /* XCRemoteSwiftPackageReference "firebase-ios-sdk" */;
			productName = FirebaseInstallations;
		};
		72A954162BAC55E2006F1684 /* FirebasePerformance */ = {
			isa = XCSwiftPackageProductDependency;
			package = 72A954032BAC55E2006F1684 /* XCRemoteSwiftPackageReference "firebase-ios-sdk" */;
			productName = FirebasePerformance;
		};
		72A954182BAC55E2006F1684 /* FirebaseRemoteConfig */ = {
			isa = XCSwiftPackageProductDependency;
			package = 72A954032BAC55E2006F1684 /* XCRemoteSwiftPackageReference "firebase-ios-sdk" */;
			productName = FirebaseRemoteConfig;
		};
		72A9541A2BAC55E2006F1684 /* FirebaseStorage */ = {
			isa = XCSwiftPackageProductDependency;
			package = 72A954032BAC55E2006F1684 /* XCRemoteSwiftPackageReference "firebase-ios-sdk" */;
			productName = FirebaseStorage;
		};
/* End XCSwiftPackageProductDependency section */
	};
	rootObject = 72A953CC2BAC5586006F1684 /* Project object */;
}
